// !$*UTF8*$!
{
	archiveVersion = 1;
	classes = {
	};
	objectVersion = 46;
	objects = {

/* Begin PBXBuildFile section */
		B810F1D71B2A62A7001AABD4 /* AppDelegate.swift in Sources */ = {isa = PBXBuildFile; fileRef = B810F1D61B2A62A7001AABD4 /* AppDelegate.swift */; };
		B810F1DA1B2A62A7001AABD4 /* CoreDataYoutube.xcdatamodeld in Sources */ = {isa = PBXBuildFile; fileRef = B810F1D81B2A62A7001AABD4 /* CoreDataYoutube.xcdatamodeld */; };
		B810F1DC1B2A62A7001AABD4 /* ViewController.swift in Sources */ = {isa = PBXBuildFile; fileRef = B810F1DB1B2A62A7001AABD4 /* ViewController.swift */; };
		B810F1DF1B2A62A7001AABD4 /* Main.storyboard in Resources */ = {isa = PBXBuildFile; fileRef = B810F1DD1B2A62A7001AABD4 /* Main.storyboard */; };
		B810F1E11B2A62A7001AABD4 /* Images.xcassets in Resources */ = {isa = PBXBuildFile; fileRef = B810F1E01B2A62A7001AABD4 /* Images.xcassets */; };
		B810F1E41B2A62A7001AABD4 /* LaunchScreen.xib in Resources */ = {isa = PBXBuildFile; fileRef = B810F1E21B2A62A7001AABD4 /* LaunchScreen.xib */; };
		B810F1F01B2A62A7001AABD4 /* CoreDataYoutubeTests.swift in Sources */ = {isa = PBXBuildFile; fileRef = B810F1EF1B2A62A7001AABD4 /* CoreDataYoutubeTests.swift */; };
/* End PBXBuildFile section */

/* Begin PBXContainerItemProxy section */
		B810F1EA1B2A62A7001AABD4 /* PBXContainerItemProxy */ = {
			isa = PBXContainerItemProxy;
			containerPortal = B810F1C91B2A62A7001AABD4 /* Project object */;
			proxyType = 1;
			remoteGlobalIDString = B810F1D01B2A62A7001AABD4;
			remoteInfo = CoreDataYoutube;
		};
/* End PBXContainerItemProxy section */

/* Begin PBXFileReference section */
		B810F1D11B2A62A7001AABD4 /* CoreDataYoutube.app */ = {isa = PBXFileReference; explicitFileType = wrapper.application; includeInIndex = 0; path = CoreDataYoutube.app; sourceTree = BUILT_PRODUCTS_DIR; };
		B810F1D51B2A62A7001AABD4 /* Info.plist */ = {isa = PBXFileReference; lastKnownFileType = text.plist.xml; path = Info.plist; sourceTree = "<group>"; };
		B810F1D61B2A62A7001AABD4 /* AppDelegate.swift */ = {isa = PBXFileReference; lastKnownFileType = sourcecode.swift; path = AppDelegate.swift; sourceTree = "<group>"; };
		B810F1D91B2A62A7001AABD4 /* CoreDataYoutube.xcdatamodel */ = {isa = PBXFileReference; lastKnownFileType = wrapper.xcdatamodel; path = CoreDataYoutube.xcdatamodel; sourceTree = "<group>"; };
		B810F1DB1B2A62A7001AABD4 /* ViewController.swift */ = {isa = PBXFileReference; lastKnownFileType = sourcecode.swift; path = ViewController.swift; sourceTree = "<group>"; };
		B810F1DE1B2A62A7001AABD4 /* Base */ = {isa = PBXFileReference; lastKnownFileType = file.storyboard; name = Base; path = Base.lproj/Main.storyboard; sourceTree = "<group>"; };
		B810F1E01B2A62A7001AABD4 /* Images.xcassets */ = {isa = PBXFileReference; lastKnownFileType = folder.assetcatalog; path = Images.xcassets; sourceTree = "<group>"; };
		B810F1E31B2A62A7001AABD4 /* Base */ = {isa = PBXFileReference; lastKnownFileType = file.xib; name = Base; path = Base.lproj/LaunchScreen.xib; sourceTree = "<group>"; };
		B810F1E91B2A62A7001AABD4 /* CoreDataYoutubeTests.xctest */ = {isa = PBXFileReference; explicitFileType = wrapper.cfbundle; includeInIndex = 0; path = CoreDataYoutubeTests.xctest; sourceTree = BUILT_PRODUCTS_DIR; };
		B810F1EE1B2A62A7001AABD4 /* Info.plist */ = {isa = PBXFileReference; lastKnownFileType = text.plist.xml; path = Info.plist; sourceTree = "<group>"; };
		B810F1EF1B2A62A7001AABD4 /* CoreDataYoutubeTests.swift */ = {isa = PBXFileReference; lastKnownFileType = sourcecode.swift; path = CoreDataYoutubeTests.swift; sourceTree = "<group>"; };
/* End PBXFileReference section */

/* Begin PBXFrameworksBuildPhase section */
		B810F1CE1B2A62A7001AABD4 /* Frameworks */ = {
			isa = PBXFrameworksBuildPhase;
			buildActionMask = 2147483647;
			files = (
			);
			runOnlyForDeploymentPostprocessing = 0;
		};
		B810F1E61B2A62A7001AABD4 /* Frameworks */ = {
			isa = PBXFrameworksBuildPhase;
			buildActionMask = 2147483647;
			files = (
			);
			runOnlyForDeploymentPostprocessing = 0;
		};
/* End PBXFrameworksBuildPhase section */

/* Begin PBXGroup section */
		B810F1C81B2A62A7001AABD4 = {
			isa = PBXGroup;
			children = (
				B810F1D31B2A62A7001AABD4 /* CoreDataYoutube */,
				B810F1EC1B2A62A7001AABD4 /* CoreDataYoutubeTests */,
				B810F1D21B2A62A7001AABD4 /* Products */,
			);
			sourceTree = "<group>";
		};
		B810F1D21B2A62A7001AABD4 /* Products */ = {
			isa = PBXGroup;
			children = (
				B810F1D11B2A62A7001AABD4 /* CoreDataYoutube.app */,
				B810F1E91B2A62A7001AABD4 /* CoreDataYoutubeTests.xctest */,
			);
			name = Products;
			sourceTree = "<group>";
		};
		B810F1D31B2A62A7001AABD4 /* CoreDataYoutube */ = {
			isa = PBXGroup;
			children = (
				B810F1D61B2A62A7001AABD4 /* AppDelegate.swift */,
				B810F1DB1B2A62A7001AABD4 /* ViewController.swift */,
				B810F1DD1B2A62A7001AABD4 /* Main.storyboard */,
				B810F1E01B2A62A7001AABD4 /* Images.xcassets */,
				B810F1E21B2A62A7001AABD4 /* LaunchScreen.xib */,
				B810F1D81B2A62A7001AABD4 /* CoreDataYoutube.xcdatamodeld */,
				B810F1D41B2A62A7001AABD4 /* Supporting Files */,
			);
			path = CoreDataYoutube;
			sourceTree = "<group>";
		};
		B810F1D41B2A62A7001AABD4 /* Supporting Files */ = {
			isa = PBXGroup;
			children = (
				B810F1D51B2A62A7001AABD4 /* Info.plist */,
			);
			name = "Supporting Files";
			sourceTree = "<group>";
		};
		B810F1EC1B2A62A7001AABD4 /* CoreDataYoutubeTests */ = {
			isa = PBXGroup;
			children = (
				B810F1EF1B2A62A7001AABD4 /* CoreDataYoutubeTests.swift */,
				B810F1ED1B2A62A7001AABD4 /* Supporting Files */,
			);
			path = CoreDataYoutubeTests;
			sourceTree = "<group>";
		};
		B810F1ED1B2A62A7001AABD4 /* Supporting Files */ = {
			isa = PBXGroup;
			children = (
				B810F1EE1B2A62A7001AABD4 /* Info.plist */,
			);
			name = "Supporting Files";
			sourceTree = "<group>";
		};
/* End PBXGroup section */

/* Begin PBXNativeTarget section */
		B810F1D01B2A62A7001AABD4 /* CoreDataYoutube */ = {
			isa = PBXNativeTarget;
			buildConfigurationList = B810F1F31B2A62A7001AABD4 /* Build configuration list for PBXNativeTarget "CoreDataYoutube" */;
			buildPhases = (
				B810F1CD1B2A62A7001AABD4 /* Sources */,
				B810F1CE1B2A62A7001AABD4 /* Frameworks */,
				B810F1CF1B2A62A7001AABD4 /* Resources */,
			);
			buildRules = (
			);
			dependencies = (
			);
			name = CoreDataYoutube;
			productName = CoreDataYoutube;
			productReference = B810F1D11B2A62A7001AABD4 /* CoreDataYoutube.app */;
			productType = "com.apple.product-type.application";
		};
		B810F1E81B2A62A7001AABD4 /* CoreDataYoutubeTests */ = {
			isa = PBXNativeTarget;
			buildConfigurationList = B810F1F61B2A62A7001AABD4 /* Build configuration list for PBXNativeTarget "CoreDataYoutubeTests" */;
			buildPhases = (
				B810F1E51B2A62A7001AABD4 /* Sources */,
				B810F1E61B2A62A7001AABD4 /* Frameworks */,
				B810F1E71B2A62A7001AABD4 /* Resources */,
			);
			buildRules = (
			);
			dependencies = (
				B810F1EB1B2A62A7001AABD4 /* PBXTargetDependency */,
			);
			name = CoreDataYoutubeTests;
			productName = CoreDataYoutubeTests;
			productReference = B810F1E91B2A62A7001AABD4 /* CoreDataYoutubeTests.xctest */;
			productType = "com.apple.product-type.bundle.unit-test";
		};
/* End PBXNativeTarget section */

/* Begin PBXProject section */
		B810F1C91B2A62A7001AABD4 /* Project object */ = {
			isa = PBXProject;
			attributes = {
				LastUpgradeCheck = 0630;
				ORGANIZATIONNAME = proyectosCetina;
				TargetAttributes = {
					B810F1D01B2A62A7001AABD4 = {
						CreatedOnToolsVersion = 6.3.2;
					};
					B810F1E81B2A62A7001AABD4 = {
						CreatedOnToolsVersion = 6.3.2;
						TestTargetID = B810F1D01B2A62A7001AABD4;
					};
				};
			};
			buildConfigurationList = B810F1CC1B2A62A7001AABD4 /* Build configuration list for PBXProject "CoreDataYoutube" */;
			compatibilityVersion = "Xcode 3.2";
			developmentRegion = English;
			hasScannedForEncodings = 0;
			knownRegions = (
				en,
				Base,
			);
			mainGroup = B810F1C81B2A62A7001AABD4;
			productRefGroup = B810F1D21B2A62A7001AABD4 /* Products */;
			projectDirPath = "";
			projectRoot = "";
			targets = (
				B810F1D01B2A62A7001AABD4 /* CoreDataYoutube */,
				B810F1E81B2A62A7001AABD4 /* CoreDataYoutubeTests */,
			);
		};
/* End PBXProject section */

/* Begin PBXResourcesBuildPhase section */
		B810F1CF1B2A62A7001AABD4 /* Resources */ = {
			isa = PBXResourcesBuildPhase;
			buildActionMask = 2147483647;
			files = (
				B810F1DF1B2A62A7001AABD4 /* Main.storyboard in Resources */,
				B810F1E41B2A62A7001AABD4 /* LaunchScreen.xib in Resources */,
				B810F1E11B2A62A7001AABD4 /* Images.xcassets in Resources */,
			);
			runOnlyForDeploymentPostprocessing = 0;
		};
		B810F1E71B2A62A7001AABD4 /* Resources */ = {
			isa = PBXResourcesBuildPhase;
			buildActionMask = 2147483647;
			files = (
			);
			runOnlyForDeploymentPostprocessing = 0;
		};
/* End PBXResourcesBuildPhase section */

/* Begin PBXSourcesBuildPhase section */
		B810F1CD1B2A62A7001AABD4 /* Sources */ = {
			isa = PBXSourcesBuildPhase;
			buildActionMask = 2147483647;
			files = (
				B810F1DC1B2A62A7001AABD4 /* ViewController.swift in Sources */,
				B810F1DA1B2A62A7001AABD4 /* CoreDataYoutube.xcdatamodeld in Sources */,
				B810F1D71B2A62A7001AABD4 /* AppDelegate.swift in Sources */,
			);
			runOnlyForDeploymentPostprocessing = 0;
		};
		B810F1E51B2A62A7001AABD4 /* Sources */ = {
			isa = PBXSourcesBuildPhase;
			buildActionMask = 2147483647;
			files = (
				B810F1F01B2A62A7001AABD4 /* CoreDataYoutubeTests.swift in Sources */,
			);
			runOnlyForDeploymentPostprocessing = 0;
		};
/* End PBXSourcesBuildPhase section */

/* Begin PBXTargetDependency section */
		B810F1EB1B2A62A7001AABD4 /* PBXTargetDependency */ = {
			isa = PBXTargetDependency;
			target = B810F1D01B2A62A7001AABD4 /* CoreDataYoutube */;
			targetProxy = B810F1EA1B2A62A7001AABD4 /* PBXContainerItemProxy */;
		};
/* End PBXTargetDependency section */

/* Begin PBXVariantGroup section */
		B810F1DD1B2A62A7001AABD4 /* Main.storyboard */ = {
			isa = PBXVariantGroup;
			children = (
				B810F1DE1B2A62A7001AABD4 /* Base */,
			);
			name = Main.storyboard;
			sourceTree = "<group>";
		};
		B810F1E21B2A62A7001AABD4 /* LaunchScreen.xib */ = {
			isa = PBXVariantGroup;
			children = (
				B810F1E31B2A62A7001AABD4 /* Base */,
			);
			name = LaunchScreen.xib;
			sourceTree = "<group>";
		};
/* End PBXVariantGroup section */

/* Begin XCBuildConfiguration section */
		B810F1F11B2A62A7001AABD4 /* Debug */ = {
			isa = XCBuildConfiguration;
			buildSettings = {
				ALWAYS_SEARCH_USER_PATHS = NO;
				CLANG_CXX_LANGUAGE_STANDARD = "gnu++0x";
				CLANG_CXX_LIBRARY = "libc++";
				CLANG_ENABLE_MODULES = YES;
				CLANG_ENABLE_OBJC_ARC = YES;
				CLANG_WARN_BOOL_CONVERSION = YES;
				CLANG_WARN_CONSTANT_CONVERSION = YES;
				CLANG_WARN_DIRECT_OBJC_ISA_USAGE = YES_ERROR;
				CLANG_WARN_EMPTY_BODY = YES;
				CLANG_WARN_ENUM_CONVERSION = YES;
				CLANG_WARN_INT_CONVERSION = YES;
				CLANG_WARN_OBJC_ROOT_CLASS = YES_ERROR;
				CLANG_WARN_UNREACHABLE_CODE = YES;
				CLANG_WARN__DUPLICATE_METHOD_MATCH = YES;
				"CODE_SIGN_IDENTITY[sdk=iphoneos*]" = "iPhone Developer";
				COPY_PHASE_STRIP = NO;
				DEBUG_INFORMATION_FORMAT = "dwarf-with-dsym";
				ENABLE_STRICT_OBJC_MSGSEND = YES;
				GCC_C_LANGUAGE_STANDARD = gnu99;
				GCC_DYNAMIC_NO_PIC = NO;
				GCC_NO_COMMON_BLOCKS = YES;
				GCC_OPTIMIZATION_LEVEL = 0;
				GCC_PREPROCESSOR_DEFINITIONS = (
					"DEBUG=1",
					"$(inherited)",
				);
				GCC_SYMBOLS_PRIVATE_EXTERN = NO;
				GCC_WARN_64_TO_32_BIT_CONVERSION = YES;
				GCC_WARN_ABOUT_RETURN_TYPE = YES_ERROR;
				GCC_WARN_UNDECLARED_SELECTOR = YES;
				GCC_WARN_UNINITIALIZED_AUTOS = YES_AGGRESSIVE;
				GCC_WARN_UNUSED_FUNCTION = YES;
				GCC_WARN_UNUSED_VARIABLE = YES;
				IPHONEOS_DEPLOYMENT_TARGET = 8.3;
				MTL_ENABLE_DEBUG_INFO = YES;
				ONLY_ACTIVE_ARCH = YES;
				SDKROOT = iphoneos;
				SWIFT_OPTIMIZATION_LEVEL = "-Onone";
			};
			name = Debug;
		};
		B810F1F21B2A62A7001AABD4 /* Release */ = {
			isa = XCBuildConfiguration;
			buildSettings = {
				ALWAYS_SEARCH_USER_PATHS = NO;
				CLANG_CXX_LANGUAGE_STANDARD = "gnu++0x";
				CLANG_CXX_LIBRARY = "libc++";
				CLANG_ENABLE_MODULES = YES;
				CLANG_ENABLE_OBJC_ARC = YES;
				CLANG_WARN_BOOL_CONVERSION = YES;
				CLANG_WARN_CONSTANT_CONVERSION = YES;
				CLANG_WARN_DIRECT_OBJC_ISA_USAGE = YES_ERROR;
				CLANG_WARN_EMPTY_BODY = YES;
				CLANG_WARN_ENUM_CONVERSION = YES;
				CLANG_WARN_INT_CONVERSION = YES;
				CLANG_WARN_OBJC_ROOT_CLASS = YES_ERROR;
				CLANG_WARN_UNREACHABLE_CODE = YES;
				CLANG_WARN__DUPLICATE_METHOD_MATCH = YES;
				"CODE_SIGN_IDENTITY[sdk=iphoneos*]" = "iPhone Developer";
				COPY_PHASE_STRIP = NO;
				DEBUG_INFORMATION_FORMAT = "dwarf-with-dsym";
				ENABLE_NS_ASSERTIONS = NO;
				ENABLE_STRICT_OBJC_MSGSEND = YES;
				GCC_C_LANGUAGE_STANDARD = gnu99;
				GCC_NO_COMMON_BLOCKS = YES;
				GCC_WARN_64_TO_32_BIT_CONVERSION = YES;
				GCC_WARN_ABOUT_RETURN_TYPE = YES_ERROR;
				GCC_WARN_UNDECLARED_SELECTOR = YES;
				GCC_WARN_UNINITIALIZED_AUTOS = YES_AGGRESSIVE;
				GCC_WARN_UNUSED_FUNCTION = YES;
				GCC_WARN_UNUSED_VARIABLE = YES;
				IPHONEOS_DEPLOYMENT_TARGET = 8.3;
				MTL_ENABLE_DEBUG_INFO = NO;
				SDKROOT = iphoneos;
				VALIDATE_PRODUCT = YES;
			};
			name = Release;
		};
		B810F1F41B2A62A7001AABD4 /* Debug */ = {
			isa = XCBuildConfiguration;
			buildSettings = {
				ASSETCATALOG_COMPILER_APPICON_NAME = AppIcon;
				INFOPLIST_FILE = CoreDataYoutube/Info.plist;
				LD_RUNPATH_SEARCH_PATHS = "$(inherited) @executable_path/Frameworks";
				PRODUCT_NAME = "$(TARGET_NAME)";
			};
			name = Debug;
		};
		B810F1F51B2A62A7001AABD4 /* Release */ = {
			isa = XCBuildConfiguration;
			buildSettings = {
				ASSETCATALOG_COMPILER_APPICON_NAME = AppIcon;
				INFOPLIST_FILE = CoreDataYoutube/Info.plist;
				LD_RUNPATH_SEARCH_PATHS = "$(inherited) @executable_path/Frameworks";
				PRODUCT_NAME = "$(TARGET_NAME)";
			};
			name = Release;
		};
		B810F1F71B2A62A7001AABD4 /* Debug */ = {
			isa = XCBuildConfiguration;
			buildSettings = {
				BUNDLE_LOADER = "$(TEST_HOST)";
				FRAMEWORK_SEARCH_PATHS = (
					"$(SDKROOT)/Developer/Library/Frameworks",
					"$(inherited)",
				);
				GCC_PREPROCESSOR_DEFINITIONS = (
					"DEBUG=1",
					"$(inherited)",
				);
				INFOPLIST_FILE = CoreDataYoutubeTests/Info.plist;
				LD_RUNPATH_SEARCH_PATHS = "$(inherited) @executable_path/Frameworks @loader_path/Frameworks";
				PRODUCT_NAME = "$(TARGET_NAME)";
				TEST_HOST = "$(BUILT_PRODUCTS_DIR)/CoreDataYoutube.app/CoreDataYoutube";
			};
			name = Debug;
		};
		B810F1F81B2A62A7001AABD4 /* Release */ = {
			isa = XCBuildConfiguration;
			buildSettings = {
				BUNDLE_LOADER = "$(TEST_HOST)";
				FRAMEWORK_SEARCH_PATHS = (
					"$(SDKROOT)/Developer/Library/Frameworks",
					"$(inherited)",
				);
				INFOPLIST_FILE = CoreDataYoutubeTests/Info.plist;
				LD_RUNPATH_SEARCH_PATHS = "$(inherited) @executable_path/Frameworks @loader_path/Frameworks";
				PRODUCT_NAME = "$(TARGET_NAME)";
				TEST_HOST = "$(BUILT_PRODUCTS_DIR)/CoreDataYoutube.app/CoreDataYoutube";
			};
			name = Release;
		};
/* End XCBuildConfiguration section */

/* Begin XCConfigurationList section */
		B810F1CC1B2A62A7001AABD4 /* Build configuration list for PBXProject "CoreDataYoutube" */ = {
			isa = XCConfigurationList;
			buildConfigurations = (
				B810F1F11B2A62A7001AABD4 /* Debug */,
				B810F1F21B2A62A7001AABD4 /* Release */,
			);
			defaultConfigurationIsVisible = 0;
			defaultConfigurationName = Release;
		};
		B810F1F31B2A62A7001AABD4 /* Build configuration list for PBXNativeTarget "CoreDataYoutube" */ = {
			isa = XCConfigurationList;
			buildConfigurations = (
				B810F1F41B2A62A7001AABD4 /* Debug */,
				B810F1F51B2A62A7001AABD4 /* Release */,
			);
			defaultConfigurationIsVisible = 0;
		};
		B810F1F61B2A62A7001AABD4 /* Build configuration list for PBXNativeTarget "CoreDataYoutubeTests" */ = {
			isa = XCConfigurationList;
			buildConfigurations = (
				B810F1F71B2A62A7001AABD4 /* Debug */,
				B810F1F81B2A62A7001AABD4 /* Release */,
			);
			defaultConfigurationIsVisible = 0;
		};
/* End XCConfigurationList section */

/* Begin XCVersionGroup section */
		B810F1D81B2A62A7001AABD4 /* CoreDataYoutube.xcdatamodeld */ = {
			isa = XCVersionGroup;
			children = (
				B810F1D91B2A62A7001AABD4 /* CoreDataYoutube.xcdatamodel */,
			);
			currentVersion = B810F1D91B2A62A7001AABD4 /* CoreDataYoutube.xcdatamodel */;
			path = CoreDataYoutube.xcdatamodeld;
			sourceTree = "<group>";
			versionGroupType = wrapper.xcdatamodel;
		};
/* End XCVersionGroup section */
	};
	rootObject = B810F1C91B2A62A7001AABD4 /* Project object */;
}
